
Microsoft Visual Studio Solution File, Format Version 12.00
# Visual Studio Version 16
VisualStudioVersion = 16.0.32106.194
MinimumVisualStudioVersion = 10.0.40219.1
Project("{FAE04EC0-301F-11D3-BF4B-00C04F79EFBC}") = "ContosoPizza", "ContosoPizza\ContosoPizza.csproj", "{7EFFEAE3-D5EC-4965-B438-10D513AD3757}"
EndProject
Global
	GlobalSection(SolutionConfigurationPlatforms) = preSolution
		Debug|Any CPU = Debug|Any CPU
		Release|Any CPU = Release|Any CPU
	EndGlobalSection
	GlobalSection(ProjectConfigurationPlatforms) = postSolution
		{7EFFEAE3-D5EC-4965-B438-10D513AD3757}.Debug|Any CPU.ActiveCfg = Debug|Any CPU
		{7EFFEAE3-D5EC-4965-B438-10D513AD3757}.Debug|Any CPU.Build.0 = Debug|Any CPU
		{7EFFEAE3-D5EC-4965-B438-10D513AD3757}.Release|Any CPU.ActiveCfg = Release|Any CPU
		{7EFFEAE3-D5EC-4965-B438-10D513AD3757}.Release|Any CPU.Build.0 = Release|Any CPU
	EndGlobalSection
	GlobalSection(SolutionProperties) = preSolution
		HideSolutionNode = FALSE
	EndGlobalSection
	GlobalSection(ExtensibilityGlobals) = postSolution
		SolutionGuid = {8A2CB4AB-AE7A-4035-92F7-2A02D3DBB689}
	EndGlobalSection
EndGlobal
